
Microsoft Visual Studio Solution File, Format Version 12.00
# Visual Studio Version 16
VisualStudioVersion = 16.0.30204.135
MinimumVisualStudioVersion = 10.0.40219.1
Project("{9A19103F-16F7-4668-BE54-9A1E7A4F7556}") = "Sample.Domain", "Sample.Domain\Sample.Domain.csproj", "{4D3DDFC3-FDD1-41B8-BF29-A5977569EC9D}"
EndProject
Project("{2150E333-8FDC-42A3-9474-1A3956D46DE8}") = "_private", "_private", "{004554F2-75A7-4B8F-86E2-753F2B6E0942}"
	ProjectSection(SolutionItems) = preProject
		.editorconfig = .editorconfig
	EndProjectSection
EndProject
Project("{9A19103F-16F7-4668-BE54-9A1E7A4F7556}") = "Sample.Web", "Sample.Web\Sample.Web.csproj", "{4D892B3A-BD50-4ACB-ACB1-319EDB19BDEB}"
EndProject
Project("{2150E333-8FDC-42A3-9474-1A3956D46DE8}") = "Shared", "Shared", "{892DFF2E-DE09-4C8C-9E09-1BFA630F125D}"
EndProject
Project("{9A19103F-16F7-4668-BE54-9A1E7A4F7556}") = "Sample.Shared.Abstractions", "Sample.Shared.Abstractions\Sample.Shared.Abstractions.csproj", "{F0592DFC-91A9-4AB2-8CE4-A36DB93A180C}"
EndProject
Project("{9A19103F-16F7-4668-BE54-9A1E7A4F7556}") = "Sample.Shared.Infrastructure", "Sample.Shared.Infrastructure\Sample.Shared.Infrastructure.csproj", "{2E7D39DF-FA33-4BF0-9382-084B69112E39}"
EndProject
Global
	GlobalSection(SolutionConfigurationPlatforms) = preSolution
		Debug|Any CPU = Debug|Any CPU
		Release|Any CPU = Release|Any CPU
	EndGlobalSection
	GlobalSection(ProjectConfigurationPlatforms) = postSolution
		{4D3DDFC3-FDD1-41B8-BF29-A5977569EC9D}.Debug|Any CPU.ActiveCfg = Debug|Any CPU
		{4D3DDFC3-FDD1-41B8-BF29-A5977569EC9D}.Debug|Any CPU.Build.0 = Debug|Any CPU
		{4D3DDFC3-FDD1-41B8-BF29-A5977569EC9D}.Release|Any CPU.ActiveCfg = Release|Any CPU
		{4D3DDFC3-FDD1-41B8-BF29-A5977569EC9D}.Release|Any CPU.Build.0 = Release|Any CPU
		{4D892B3A-BD50-4ACB-ACB1-319EDB19BDEB}.Debug|Any CPU.ActiveCfg = Debug|Any CPU
		{4D892B3A-BD50-4ACB-ACB1-319EDB19BDEB}.Debug|Any CPU.Build.0 = Debug|Any CPU
		{4D892B3A-BD50-4ACB-ACB1-319EDB19BDEB}.Release|Any CPU.ActiveCfg = Release|Any CPU
		{4D892B3A-BD50-4ACB-ACB1-319EDB19BDEB}.Release|Any CPU.Build.0 = Release|Any CPU
		{F0592DFC-91A9-4AB2-8CE4-A36DB93A180C}.Debug|Any CPU.ActiveCfg = Debug|Any CPU
		{F0592DFC-91A9-4AB2-8CE4-A36DB93A180C}.Debug|Any CPU.Build.0 = Debug|Any CPU
		{F0592DFC-91A9-4AB2-8CE4-A36DB93A180C}.Release|Any CPU.ActiveCfg = Release|Any CPU
		{F0592DFC-91A9-4AB2-8CE4-A36DB93A180C}.Release|Any CPU.Build.0 = Release|Any CPU
		{2E7D39DF-FA33-4BF0-9382-084B69112E39}.Debug|Any CPU.ActiveCfg = Debug|Any CPU
		{2E7D39DF-FA33-4BF0-9382-084B69112E39}.Debug|Any CPU.Build.0 = Debug|Any CPU
		{2E7D39DF-FA33-4BF0-9382-084B69112E39}.Release|Any CPU.ActiveCfg = Release|Any CPU
		{2E7D39DF-FA33-4BF0-9382-084B69112E39}.Release|Any CPU.Build.0 = Release|Any CPU
	EndGlobalSection
	GlobalSection(SolutionProperties) = preSolution
		HideSolutionNode = FALSE
	EndGlobalSection
	GlobalSection(NestedProjects) = preSolution
		{F0592DFC-91A9-4AB2-8CE4-A36DB93A180C} = {892DFF2E-DE09-4C8C-9E09-1BFA630F125D}
		{2E7D39DF-FA33-4BF0-9382-084B69112E39} = {892DFF2E-DE09-4C8C-9E09-1BFA630F125D}
	EndGlobalSection
	GlobalSection(ExtensibilityGlobals) = postSolution
		SolutionGuid = {3E2F0A85-FCAC-46CD-AC5F-BCFC0D7F7930}
	EndGlobalSection
EndGlobal
